// !$*UTF8*$!
{
	archiveVersion = 1;
	classes = {
	};
	objectVersion = 46;
	objects = {

/* Begin PBXBuildFile section */
		2305EECEE4B841E63342E384 /* Pods_Insta.framework in Frameworks */ = {isa = PBXBuildFile; fileRef = BD2CA0154D23097CB074E7E9 /* Pods_Insta.framework */; };
		E406AD9F1EE5AC5D0095A2CC /* AppDelegate.swift in Sources */ = {isa = PBXBuildFile; fileRef = E406AD9E1EE5AC5D0095A2CC /* AppDelegate.swift */; };
		E406ADA11EE5AC5D0095A2CC /* ViewController.swift in Sources */ = {isa = PBXBuildFile; fileRef = E406ADA01EE5AC5D0095A2CC /* ViewController.swift */; };
		E406ADA41EE5AC5D0095A2CC /* Main.storyboard in Resources */ = {isa = PBXBuildFile; fileRef = E406ADA21EE5AC5D0095A2CC /* Main.storyboard */; };
		E406ADA61EE5AC5D0095A2CC /* Assets.xcassets in Resources */ = {isa = PBXBuildFile; fileRef = E406ADA51EE5AC5D0095A2CC /* Assets.xcassets */; };
		E406ADA91EE5AC5D0095A2CC /* LaunchScreen.storyboard in Resources */ = {isa = PBXBuildFile; fileRef = E406ADA71EE5AC5D0095A2CC /* LaunchScreen.storyboard */; };
		E406ADB11EE5C0C10095A2CC /* instaCellTableViewCell.swift in Sources */ = {isa = PBXBuildFile; fileRef = E406ADB01EE5C0C10095A2CC /* instaCellTableViewCell.swift */; };
		E49CB8171EEBD79D00FE2C73 /* uploadViewController.swift in Sources */ = {isa = PBXBuildFile; fileRef = E49CB8161EEBD79C00FE2C73 /* uploadViewController.swift */; };
/* End PBXBuildFile section */

/* Begin PBXFileReference section */
		7F0725C0DCA5CE37E2F6B7D5 /* Pods-Insta.release.xcconfig */ = {isa = PBXFileReference; includeInIndex = 1; lastKnownFileType = text.xcconfig; name = "Pods-Insta.release.xcconfig"; path = "Pods/Target Support Files/Pods-Insta/Pods-Insta.release.xcconfig"; sourceTree = "<group>"; };
		85F631C029484CE3610993CB /* Pods-Insta.debug.xcconfig */ = {isa = PBXFileReference; includeInIndex = 1; lastKnownFileType = text.xcconfig; name = "Pods-Insta.debug.xcconfig"; path = "Pods/Target Support Files/Pods-Insta/Pods-Insta.debug.xcconfig"; sourceTree = "<group>"; };
		BD2CA0154D23097CB074E7E9 /* Pods_Insta.framework */ = {isa = PBXFileReference; explicitFileType = wrapper.framework; includeInIndex = 0; path = Pods_Insta.framework; sourceTree = BUILT_PRODUCTS_DIR; };
		E406AD9B1EE5AC5D0095A2CC /* Insta.app */ = {isa = PBXFileReference; explicitFileType = wrapper.application; includeInIndex = 0; path = Insta.app; sourceTree = BUILT_PRODUCTS_DIR; };
		E406AD9E1EE5AC5D0095A2CC /* AppDelegate.swift */ = {isa = PBXFileReference; lastKnownFileType = sourcecode.swift; path = AppDelegate.swift; sourceTree = "<group>"; };
		E406ADA01EE5AC5D0095A2CC /* ViewController.swift */ = {isa = PBXFileReference; lastKnownFileType = sourcecode.swift; path = ViewController.swift; sourceTree = "<group>"; };
		E406ADA31EE5AC5D0095A2CC /* Base */ = {isa = PBXFileReference; lastKnownFileType = file.storyboard; name = Base; path = Base.lproj/Main.storyboard; sourceTree = "<group>"; };
		E406ADA51EE5AC5D0095A2CC /* Assets.xcassets */ = {isa = PBXFileReference; lastKnownFileType = folder.assetcatalog; path = Assets.xcassets; sourceTree = "<group>"; };
		E406ADA81EE5AC5D0095A2CC /* Base */ = {isa = PBXFileReference; lastKnownFileType = file.storyboard; name = Base; path = Base.lproj/LaunchScreen.storyboard; sourceTree = "<group>"; };
		E406ADAA1EE5AC5D0095A2CC /* Info.plist */ = {isa = PBXFileReference; lastKnownFileType = text.plist.xml; path = Info.plist; sourceTree = "<group>"; };
		E406ADB01EE5C0C10095A2CC /* instaCellTableViewCell.swift */ = {isa = PBXFileReference; fileEncoding = 4; lastKnownFileType = sourcecode.swift; path = instaCellTableViewCell.swift; sourceTree = "<group>"; };
		E49CB8161EEBD79C00FE2C73 /* uploadViewController.swift */ = {isa = PBXFileReference; fileEncoding = 4; lastKnownFileType = sourcecode.swift; path = uploadViewController.swift; sourceTree = "<group>"; };
/* End PBXFileReference section */

/* Begin PBXFrameworksBuildPhase section */
		E406AD981EE5AC5D0095A2CC /* Frameworks */ = {
			isa = PBXFrameworksBuildPhase;
			buildActionMask = 2147483647;
			files = (
				2305EECEE4B841E63342E384 /* Pods_Insta.framework in Frameworks */,
			);
			runOnlyForDeploymentPostprocessing = 0;
		};
/* End PBXFrameworksBuildPhase section */

/* Begin PBXGroup section */
		383C4F5EB467D0D4B8D2F2C6 /* Pods */ = {
			isa = PBXGroup;
			children = (
				85F631C029484CE3610993CB /* Pods-Insta.debug.xcconfig */,
				7F0725C0DCA5CE37E2F6B7D5 /* Pods-Insta.release.xcconfig */,
			);
			name = Pods;
			sourceTree = "<group>";
		};
		7D96A74AAB801DB0B56B5A40 /* Frameworks */ = {
			isa = PBXGroup;
			children = (
				BD2CA0154D23097CB074E7E9 /* Pods_Insta.framework */,
			);
			name = Frameworks;
			sourceTree = "<group>";
		};
		E406AD921EE5AC5D0095A2CC = {
			isa = PBXGroup;
			children = (
				E406AD9D1EE5AC5D0095A2CC /* Insta */,
				E406AD9C1EE5AC5D0095A2CC /* Products */,
				383C4F5EB467D0D4B8D2F2C6 /* Pods */,
				7D96A74AAB801DB0B56B5A40 /* Frameworks */,
			);
			sourceTree = "<group>";
		};
		E406AD9C1EE5AC5D0095A2CC /* Products */ = {
			isa = PBXGroup;
			children = (
				E406AD9B1EE5AC5D0095A2CC /* Insta.app */,
			);
			name = Products;
			sourceTree = "<group>";
		};
		E406AD9D1EE5AC5D0095A2CC /* Insta */ = {
			isa = PBXGroup;
			children = (
				E406AD9E1EE5AC5D0095A2CC /* AppDelegate.swift */,
				E406ADA01EE5AC5D0095A2CC /* ViewController.swift */,
				E406ADA21EE5AC5D0095A2CC /* Main.storyboard */,
				E49CB8161EEBD79C00FE2C73 /* uploadViewController.swift */,
				E406ADA51EE5AC5D0095A2CC /* Assets.xcassets */,
				E406ADB01EE5C0C10095A2CC /* instaCellTableViewCell.swift */,
				E406ADA71EE5AC5D0095A2CC /* LaunchScreen.storyboard */,
				E406ADAA1EE5AC5D0095A2CC /* Info.plist */,
			);
			path = Insta;
			sourceTree = "<group>";
		};
/* End PBXGroup section */

/* Begin PBXNativeTarget section */
		E406AD9A1EE5AC5D0095A2CC /* Insta */ = {
			isa = PBXNativeTarget;
			buildConfigurationList = E406ADAD1EE5AC5D0095A2CC /* Build configuration list for PBXNativeTarget "Insta" */;
			buildPhases = (
				8EBD13757D6BF6B8C4628A40 /* [CP] Check Pods Manifest.lock */,
				E406AD971EE5AC5D0095A2CC /* Sources */,
				E406AD981EE5AC5D0095A2CC /* Frameworks */,
				E406AD991EE5AC5D0095A2CC /* Resources */,
				2C5085ED3B395D4E87385C16 /* [CP] Embed Pods Frameworks */,
				A989F768B7B7637342D04EFC /* [CP] Copy Pods Resources */,
			);
			buildRules = (
			);
			dependencies = (
			);
			name = Insta;
			productName = Insta;
			productReference = E406AD9B1EE5AC5D0095A2CC /* Insta.app */;
			productType = "com.apple.product-type.application";
		};
/* End PBXNativeTarget section */

/* Begin PBXProject section */
		E406AD931EE5AC5D0095A2CC /* Project object */ = {
			isa = PBXProject;
			attributes = {
				LastSwiftUpdateCheck = 0830;
				LastUpgradeCheck = 0830;
				ORGANIZATIONNAME = vit;
				TargetAttributes = {
					E406AD9A1EE5AC5D0095A2CC = {
						CreatedOnToolsVersion = 8.3.2;
						DevelopmentTeam = JC959F8T7E;
						ProvisioningStyle = Automatic;
					};
				};
			};
			buildConfigurationList = E406AD961EE5AC5D0095A2CC /* Build configuration list for PBXProject "Insta" */;
			compatibilityVersion = "Xcode 3.2";
			developmentRegion = English;
			hasScannedForEncodings = 0;
			knownRegions = (
				en,
				Base,
			);
			mainGroup = E406AD921EE5AC5D0095A2CC;
			productRefGroup = E406AD9C1EE5AC5D0095A2CC /* Products */;
			projectDirPath = "";
			projectRoot = "";
			targets = (
				E406AD9A1EE5AC5D0095A2CC /* Insta */,
			);
		};
/* End PBXProject section */

/* Begin PBXResourcesBuildPhase section */
		E406AD991EE5AC5D0095A2CC /* Resources */ = {
			isa = PBXResourcesBuildPhase;
			buildActionMask = 2147483647;
			files = (
				E406ADA91EE5AC5D0095A2CC /* LaunchScreen.storyboard in Resources */,
				E406ADA61EE5AC5D0095A2CC /* Assets.xcassets in Resources */,
				E406ADA41EE5AC5D0095A2CC /* Main.storyboard in Resources */,
			);
			runOnlyForDeploymentPostprocessing = 0;
		};
/* End PBXResourcesBuildPhase section */

/* Begin PBXShellScriptBuildPhase section */
		2C5085ED3B395D4E87385C16 /* [CP] Embed Pods Frameworks */ = {
			isa = PBXShellScriptBuildPhase;
			buildActionMask = 2147483647;
			files = (
			);
			inputPaths = (
			);
			name = "[CP] Embed Pods Frameworks";
			outputPaths = (
			);
			runOnlyForDeploymentPostprocessing = 0;
			shellPath = /bin/sh;
			shellScript = "\"${SRCROOT}/Pods/Target Support Files/Pods-Insta/Pods-Insta-frameworks.sh\"\n";
			showEnvVarsInLog = 0;
		};
		8EBD13757D6BF6B8C4628A40 /* [CP] Check Pods Manifest.lock */ = {
			isa = PBXShellScriptBuildPhase;
			buildActionMask = 2147483647;
			files = (
			);
			inputPaths = (
			);
			name = "[CP] Check Pods Manifest.lock";
			outputPaths = (
			);
			runOnlyForDeploymentPostprocessing = 0;
			shellPath = /bin/sh;
			shellScript = "diff \"${PODS_PODFILE_DIR_PATH}/Podfile.lock\" \"${PODS_ROOT}/Manifest.lock\" > /dev/null\nif [ $? != 0 ] ; then\n    # print error to STDERR\n    echo \"error: The sandbox is not in sync with the Podfile.lock. Run 'pod install' or update your CocoaPods installation.\" >&2\n    exit 1\nfi\n";
			showEnvVarsInLog = 0;
		};
		A989F768B7B7637342D04EFC /* [CP] Copy Pods Resources */ = {
			isa = PBXShellScriptBuildPhase;
			buildActionMask = 2147483647;
			files = (
			);
			inputPaths = (
			);
			name = "[CP] Copy Pods Resources";
			outputPaths = (
			);
			runOnlyForDeploymentPostprocessing = 0;
			shellPath = /bin/sh;
			shellScript = "\"${SRCROOT}/Pods/Target Support Files/Pods-Insta/Pods-Insta-resources.sh\"\n";
			showEnvVarsInLog = 0;
		};
/* End PBXShellScriptBuildPhase section */

/* Begin PBXSourcesBuildPhase section */
		E406AD971EE5AC5D0095A2CC /* Sources */ = {
			isa = PBXSourcesBuildPhase;
			buildActionMask = 2147483647;
			files = (
				E406ADA11EE5AC5D0095A2CC /* ViewController.swift in Sources */,
				E49CB8171EEBD79D00FE2C73 /* uploadViewController.swift in Sources */,
				E406ADB11EE5C0C10095A2CC /* instaCellTableViewCell.swift in Sources */,
				E406AD9F1EE5AC5D0095A2CC /* AppDelegate.swift in Sources */,
			);
			runOnlyForDeploymentPostprocessing = 0;
		};
/* End PBXSourcesBuildPhase section */

/* Begin PBXVariantGroup section */
		E406ADA21EE5AC5D0095A2CC /* Main.storyboard */ = {
			isa = PBXVariantGroup;
			children = (
				E406ADA31EE5AC5D0095A2CC /* Base */,
			);
			name = Main.storyboard;
			sourceTree = "<group>";
		};
		E406ADA71EE5AC5D0095A2CC /* LaunchScreen.storyboard */ = {
			isa = PBXVariantGroup;
			children = (
				E406ADA81EE5AC5D0095A2CC /* Base */,
			);
			name = LaunchScreen.storyboard;
			sourceTree = "<group>";
		};
/* End PBXVariantGroup section */

/* Begin XCBuildConfiguration section */
		E406ADAB1EE5AC5D0095A2CC /* Debug */ = {
			isa = XCBuildConfiguration;
			buildSettings = {
				ALWAYS_SEARCH_USER_PATHS = NO;
				CLANG_ANALYZER_NONNULL = YES;
				CLANG_ANALYZER_NUMBER_OBJECT_CONVERSION = YES_AGGRESSIVE;
				CLANG_CXX_LANGUAGE_STANDARD = "gnu++0x";
				CLANG_CXX_LIBRARY = "libc++";
				CLANG_ENABLE_MODULES = YES;
				CLANG_ENABLE_OBJC_ARC = YES;
				CLANG_WARN_BOOL_CONVERSION = YES;
				CLANG_WARN_CONSTANT_CONVERSION = YES;
				CLANG_WARN_DIRECT_OBJC_ISA_USAGE = YES_ERROR;
				CLANG_WARN_DOCUMENTATION_COMMENTS = YES;
				CLANG_WARN_EMPTY_BODY = YES;
				CLANG_WARN_ENUM_CONVERSION = YES;
				CLANG_WARN_INFINITE_RECURSION = YES;
				CLANG_WARN_INT_CONVERSION = YES;
				CLANG_WARN_OBJC_ROOT_CLASS = YES_ERROR;
				CLANG_WARN_SUSPICIOUS_MOVE = YES;
				CLANG_WARN_UNREACHABLE_CODE = YES;
				CLANG_WARN__DUPLICATE_METHOD_MATCH = YES;
				"CODE_SIGN_IDENTITY[sdk=iphoneos*]" = "iPhone Developer";
				COPY_PHASE_STRIP = NO;
				DEBUG_INFORMATION_FORMAT = dwarf;
				ENABLE_STRICT_OBJC_MSGSEND = YES;
				ENABLE_TESTABILITY = YES;
				GCC_C_LANGUAGE_STANDARD = gnu99;
				GCC_DYNAMIC_NO_PIC = NO;
				GCC_NO_COMMON_BLOCKS = YES;
				GCC_OPTIMIZATION_LEVEL = 0;
				GCC_PREPROCESSOR_DEFINITIONS = (
					"DEBUG=1",
					"$(inherited)",
				);
				GCC_WARN_64_TO_32_BIT_CONVERSION = YES;
				GCC_WARN_ABOUT_RETURN_TYPE = YES_ERROR;
				GCC_WARN_UNDECLARED_SELECTOR = YES;
				GCC_WARN_UNINITIALIZED_AUTOS = YES_AGGRESSIVE;
				GCC_WARN_UNUSED_FUNCTION = YES;
				GCC_WARN_UNUSED_VARIABLE = YES;
				IPHONEOS_DEPLOYMENT_TARGET = 10.3;
				MTL_ENABLE_DEBUG_INFO = YES;
				ONLY_ACTIVE_ARCH = YES;
				SDKROOT = iphoneos;
				SWIFT_ACTIVE_COMPILATION_CONDITIONS = DEBUG;
				SWIFT_OPTIMIZATION_LEVEL = "-Onone";
			};
			name = Debug;
		};
		E406ADAC1EE5AC5D0095A2CC /* Release */ = {
			isa = XCBuildConfiguration;
			buildSettings = {
				ALWAYS_SEARCH_USER_PATHS = NO;
				CLANG_ANALYZER_NONNULL = YES;
				CLANG_ANALYZER_NUMBER_OBJECT_CONVERSION = YES_AGGRESSIVE;
				CLANG_CXX_LANGUAGE_STANDARD = "gnu++0x";
				CLANG_CXX_LIBRARY = "libc++";
				CLANG_ENABLE_MODULES = YES;
				CLANG_ENABLE_OBJC_ARC = YES;
				CLANG_WARN_BOOL_CONVERSION = YES;
				CLANG_WARN_CONSTANT_CONVERSION = YES;
				CLANG_WARN_DIRECT_OBJC_ISA_USAGE = YES_ERROR;
				CLANG_WARN_DOCUMENTATION_COMMENTS = YES;
				CLANG_WARN_EMPTY_BODY = YES;
				CLANG_WARN_ENUM_CONVERSION = YES;
				CLANG_WARN_INFINITE_RECURSION = YES;
				CLANG_WARN_INT_CONVERSION = YES;
				CLANG_WARN_OBJC_ROOT_CLASS = YES_ERROR;
				CLANG_WARN_SUSPICIOUS_MOVE = YES;
				CLANG_WARN_UNREACHABLE_CODE = YES;
				CLANG_WARN__DUPLICATE_METHOD_MATCH = YES;
				"CODE_SIGN_IDENTITY[sdk=iphoneos*]" = "iPhone Developer";
				COPY_PHASE_STRIP = NO;
				DEBUG_INFORMATION_FORMAT = "dwarf-with-dsym";
				ENABLE_NS_ASSERTIONS = NO;
				ENABLE_STRICT_OBJC_MSGSEND = YES;
				GCC_C_LANGUAGE_STANDARD = gnu99;
				GCC_NO_COMMON_BLOCKS = YES;
				GCC_WARN_64_TO_32_BIT_CONVERSION = YES;
				GCC_WARN_ABOUT_RETURN_TYPE = YES_ERROR;
				GCC_WARN_UNDECLARED_SELECTOR = YES;
				GCC_WARN_UNINITIALIZED_AUTOS = YES_AGGRESSIVE;
				GCC_WARN_UNUSED_FUNCTION = YES;
				GCC_WARN_UNUSED_VARIABLE = YES;
				IPHONEOS_DEPLOYMENT_TARGET = 10.3;
				MTL_ENABLE_DEBUG_INFO = NO;
				SDKROOT = iphoneos;
				SWIFT_OPTIMIZATION_LEVEL = "-Owholemodule";
				VALIDATE_PRODUCT = YES;
			};
			name = Release;
		};
		E406ADAE1EE5AC5D0095A2CC /* Debug */ = {
			isa = XCBuildConfiguration;
			baseConfigurationReference = 85F631C029484CE3610993CB /* Pods-Insta.debug.xcconfig */;
			buildSettings = {
				ASSETCATALOG_COMPILER_APPICON_NAME = AppIcon;
				DEVELOPMENT_TEAM = JC959F8T7E;
				INFOPLIST_FILE = Insta/Info.plist;
				LD_RUNPATH_SEARCH_PATHS = "$(inherited) @executable_path/Frameworks";
				PRODUCT_BUNDLE_IDENTIFIER = com.vit.Insta;
				PRODUCT_NAME = "$(TARGET_NAME)";
				SWIFT_VERSION = 3.0;
			};
			name = Debug;
		};
		E406ADAF1EE5AC5D0095A2CC /* Release */ = {
			isa = XCBuildConfiguration;
			baseConfigurationReference = 7F0725C0DCA5CE37E2F6B7D5 /* Pods-Insta.release.xcconfig */;
			buildSettings = {
				ASSETCATALOG_COMPILER_APPICON_NAME = AppIcon;
				DEVELOPMENT_TEAM = JC959F8T7E;
				INFOPLIST_FILE = Insta/Info.plist;
				LD_RUNPATH_SEARCH_PATHS = "$(inherited) @executable_path/Frameworks";
				PRODUCT_BUNDLE_IDENTIFIER = com.vit.Insta;
				PRODUCT_NAME = "$(TARGET_NAME)";
				SWIFT_VERSION = 3.0;
			};
			name = Release;
		};
/* End XCBuildConfiguration section */

/* Begin XCConfigurationList section */
		E406AD961EE5AC5D0095A2CC /* Build configuration list for PBXProject "Insta" */ = {
			isa = XCConfigurationList;
			buildConfigurations = (
				E406ADAB1EE5AC5D0095A2CC /* Debug */,
				E406ADAC1EE5AC5D0095A2CC /* Release */,
			);
			defaultConfigurationIsVisible = 0;
			defaultConfigurationName = Release;
		};
		E406ADAD1EE5AC5D0095A2CC /* Build configuration list for PBXNativeTarget "Insta" */ = {
			isa = XCConfigurationList;
			buildConfigurations = (
				E406ADAE1EE5AC5D0095A2CC /* Debug */,
				E406ADAF1EE5AC5D0095A2CC /* Release */,
			);
			defaultConfigurationIsVisible = 0;
			defaultConfigurationName = Release;
		};
/* End XCConfigurationList section */
	};
	rootObject = E406AD931EE5AC5D0095A2CC /* Project object */;
}
